
Microsoft Visual Studio Solution File, Format Version 12.00
# Visual Studio Version 16
VisualStudioVersion = 16.0.29215.179
MinimumVisualStudioVersion = 10.0.40219.1
Project("{FAE04EC0-301F-11D3-BF4B-00C04F79EFBC}") = "Ch9.Android", "Ch9\Ch9.Android\Ch9.Android.csproj", "{E22E642C-A739-4812-AE53-7CFC45F418B1}"
EndProject
Project("{9A19103F-16F7-4668-BE54-9A1E7A4F7556}") = "Ch9", "Ch9\Ch9\Ch9.csproj", "{73829E53-CEAC-4CD5-A2F5-E35AAD3CBCDC}"
EndProject
Project("{9A19103F-16F7-4668-BE54-9A1E7A4F7556}") = "Ch9.Test", "Ch9.Test\Ch9.Test.csproj", "{EC2254D3-EA22-43F0-923C-6FBABEAAB3A4}"
EndProject
Project("{9A19103F-16F7-4668-BE54-9A1E7A4F7556}") = "Ch9.Ui.Contracts", "Ch9.Ui.Contracts\Ch9.Ui.Contracts.csproj", "{BEAF72F6-3ADC-47B5-8EED-27C7B5255AF0}"
EndProject
Project("{9A19103F-16F7-4668-BE54-9A1E7A4F7556}") = "Ch9.Data.Contracts", "Ch9.Data.Contracts\Ch9.Data.Contracts.csproj", "{1818700D-CE11-464B-8AB8-837AC3C00151}"
EndProject
Project("{9A19103F-16F7-4668-BE54-9A1E7A4F7556}") = "Ch9.Data.ApiClient", "Ch9.Data.ApiClient\Ch9.Data.ApiClient.csproj", "{BB24FE4A-DD08-4E59-B82C-5F9C84980827}"
EndProject
Project("{9A19103F-16F7-4668-BE54-9A1E7A4F7556}") = "Ch9.Services", "Ch9.Services\Ch9.Services.csproj", "{8BB685ED-745C-464C-976E-EAD1D75A0FDD}"
EndProject
Project("{9A19103F-16F7-4668-BE54-9A1E7A4F7556}") = "Ch9.Infrastructure", "Ch9.Infrastructure\Ch9.Infrastructure.csproj", "{B611F74E-E820-4C84-900E-C7A27F09105B}"
EndProject
Project("{9A19103F-16F7-4668-BE54-9A1E7A4F7556}") = "Ch9.Services.Contracts", "Ch9.Services.Contracts\Ch9.Services.Contracts.csproj", "{5E304E8C-03EE-4811-9B13-3B835A7DFDAC}"
EndProject
Project("{9A19103F-16F7-4668-BE54-9A1E7A4F7556}") = "Ch9.Data.LocalSettings", "Ch9.Data.LocalSettings\Ch9.Data.LocalSettings.csproj", "{D21CA05C-40F9-4F43-A486-052F4B2E17C7}"
EndProject
Project("{FAE04EC0-301F-11D3-BF4B-00C04F79EFBC}") = "Ch9.Services.YtExplodeVideoService", "Ch9.Services.YtExplodeVideoService\Ch9.Services.YtExplodeVideoService.csproj", "{F76D513F-F89A-4B63-A510-BE379442CF3F}"
EndProject
Global
	GlobalSection(SolutionConfigurationPlatforms) = preSolution
		Debug|Any CPU = Debug|Any CPU
		DotfuscatedGPlayRelease|Any CPU = DotfuscatedGPlayRelease|Any CPU
		GooglePlayDebug|Any CPU = GooglePlayDebug|Any CPU
		GooglePlayRelease|Any CPU = GooglePlayRelease|Any CPU
		Release|Any CPU = Release|Any CPU
	EndGlobalSection
	GlobalSection(ProjectConfigurationPlatforms) = postSolution
		{E22E642C-A739-4812-AE53-7CFC45F418B1}.Debug|Any CPU.ActiveCfg = Debug|Any CPU
		{E22E642C-A739-4812-AE53-7CFC45F418B1}.Debug|Any CPU.Build.0 = Debug|Any CPU
		{E22E642C-A739-4812-AE53-7CFC45F418B1}.Debug|Any CPU.Deploy.0 = Debug|Any CPU
		{E22E642C-A739-4812-AE53-7CFC45F418B1}.DotfuscatedGPlayRelease|Any CPU.ActiveCfg = DotfuscatedGPlayRelease|Any CPU
		{E22E642C-A739-4812-AE53-7CFC45F418B1}.DotfuscatedGPlayRelease|Any CPU.Build.0 = DotfuscatedGPlayRelease|Any CPU
		{E22E642C-A739-4812-AE53-7CFC45F418B1}.DotfuscatedGPlayRelease|Any CPU.Deploy.0 = DotfuscatedGPlayRelease|Any CPU
		{E22E642C-A739-4812-AE53-7CFC45F418B1}.GooglePlayDebug|Any CPU.ActiveCfg = GooglePlayDebug|Any CPU
		{E22E642C-A739-4812-AE53-7CFC45F418B1}.GooglePlayDebug|Any CPU.Build.0 = GooglePlayDebug|Any CPU
		{E22E642C-A739-4812-AE53-7CFC45F418B1}.GooglePlayDebug|Any CPU.Deploy.0 = GooglePlayDebug|Any CPU
		{E22E642C-A739-4812-AE53-7CFC45F418B1}.GooglePlayRelease|Any CPU.ActiveCfg = GooglePlayRelease|Any CPU
		{E22E642C-A739-4812-AE53-7CFC45F418B1}.GooglePlayRelease|Any CPU.Build.0 = GooglePlayRelease|Any CPU
		{E22E642C-A739-4812-AE53-7CFC45F418B1}.GooglePlayRelease|Any CPU.Deploy.0 = GooglePlayRelease|Any CPU
		{E22E642C-A739-4812-AE53-7CFC45F418B1}.Release|Any CPU.ActiveCfg = Release|Any CPU
		{E22E642C-A739-4812-AE53-7CFC45F418B1}.Release|Any CPU.Build.0 = Release|Any CPU
		{E22E642C-A739-4812-AE53-7CFC45F418B1}.Release|Any CPU.Deploy.0 = Release|Any CPU
		{73829E53-CEAC-4CD5-A2F5-E35AAD3CBCDC}.Debug|Any CPU.ActiveCfg = Debug|Any CPU
		{73829E53-CEAC-4CD5-A2F5-E35AAD3CBCDC}.Debug|Any CPU.Build.0 = Debug|Any CPU
		{73829E53-CEAC-4CD5-A2F5-E35AAD3CBCDC}.Debug|Any CPU.Deploy.0 = Debug|Any CPU
		{73829E53-CEAC-4CD5-A2F5-E35AAD3CBCDC}.DotfuscatedGPlayRelease|Any CPU.ActiveCfg = DotfuscatedGPlayRelease|Any CPU
		{73829E53-CEAC-4CD5-A2F5-E35AAD3CBCDC}.DotfuscatedGPlayRelease|Any CPU.Build.0 = DotfuscatedGPlayRelease|Any CPU
		{73829E53-CEAC-4CD5-A2F5-E35AAD3CBCDC}.GooglePlayDebug|Any CPU.ActiveCfg = GooglePlayDebug|Any CPU
		{73829E53-CEAC-4CD5-A2F5-E35AAD3CBCDC}.GooglePlayDebug|Any CPU.Build.0 = GooglePlayDebug|Any CPU
		{73829E53-CEAC-4CD5-A2F5-E35AAD3CBCDC}.GooglePlayRelease|Any CPU.ActiveCfg = GooglePlayRelease|Any CPU
		{73829E53-CEAC-4CD5-A2F5-E35AAD3CBCDC}.GooglePlayRelease|Any CPU.Build.0 = GooglePlayRelease|Any CPU
		{73829E53-CEAC-4CD5-A2F5-E35AAD3CBCDC}.Release|Any CPU.ActiveCfg = Release|Any CPU
		{73829E53-CEAC-4CD5-A2F5-E35AAD3CBCDC}.Release|Any CPU.Build.0 = Release|Any CPU
		{73829E53-CEAC-4CD5-A2F5-E35AAD3CBCDC}.Release|Any CPU.Deploy.0 = Release|Any CPU
		{EC2254D3-EA22-43F0-923C-6FBABEAAB3A4}.Debug|Any CPU.ActiveCfg = Debug|Any CPU
		{EC2254D3-EA22-43F0-923C-6FBABEAAB3A4}.Debug|Any CPU.Build.0 = Debug|Any CPU
		{EC2254D3-EA22-43F0-923C-6FBABEAAB3A4}.DotfuscatedGPlayRelease|Any CPU.ActiveCfg = DotfuscatedGPlayRelease|Any CPU
		{EC2254D3-EA22-43F0-923C-6FBABEAAB3A4}.GooglePlayDebug|Any CPU.ActiveCfg = GooglePlayDebug|Any CPU
		{EC2254D3-EA22-43F0-923C-6FBABEAAB3A4}.GooglePlayRelease|Any CPU.ActiveCfg = GooglePlayRelease|Any CPU
		{EC2254D3-EA22-43F0-923C-6FBABEAAB3A4}.Release|Any CPU.ActiveCfg = Release|Any CPU
		{BEAF72F6-3ADC-47B5-8EED-27C7B5255AF0}.Debug|Any CPU.ActiveCfg = Debug|Any CPU
		{BEAF72F6-3ADC-47B5-8EED-27C7B5255AF0}.Debug|Any CPU.Build.0 = Debug|Any CPU
		{BEAF72F6-3ADC-47B5-8EED-27C7B5255AF0}.DotfuscatedGPlayRelease|Any CPU.ActiveCfg = Release|Any CPU
		{BEAF72F6-3ADC-47B5-8EED-27C7B5255AF0}.DotfuscatedGPlayRelease|Any CPU.Build.0 = Release|Any CPU
		{BEAF72F6-3ADC-47B5-8EED-27C7B5255AF0}.GooglePlayDebug|Any CPU.ActiveCfg = Debug|Any CPU
		{BEAF72F6-3ADC-47B5-8EED-27C7B5255AF0}.GooglePlayDebug|Any CPU.Build.0 = Debug|Any CPU
		{BEAF72F6-3ADC-47B5-8EED-27C7B5255AF0}.GooglePlayRelease|Any CPU.ActiveCfg = Release|Any CPU
		{BEAF72F6-3ADC-47B5-8EED-27C7B5255AF0}.GooglePlayRelease|Any CPU.Build.0 = Release|Any CPU
		{BEAF72F6-3ADC-47B5-8EED-27C7B5255AF0}.Release|Any CPU.ActiveCfg = Release|Any CPU
		{BEAF72F6-3ADC-47B5-8EED-27C7B5255AF0}.Release|Any CPU.Build.0 = Release|Any CPU
		{1818700D-CE11-464B-8AB8-837AC3C00151}.Debug|Any CPU.ActiveCfg = Debug|Any CPU
		{1818700D-CE11-464B-8AB8-837AC3C00151}.Debug|Any CPU.Build.0 = Debug|Any CPU
		{1818700D-CE11-464B-8AB8-837AC3C00151}.DotfuscatedGPlayRelease|Any CPU.ActiveCfg = Release|Any CPU
		{1818700D-CE11-464B-8AB8-837AC3C00151}.DotfuscatedGPlayRelease|Any CPU.Build.0 = Release|Any CPU
		{1818700D-CE11-464B-8AB8-837AC3C00151}.GooglePlayDebug|Any CPU.ActiveCfg = Debug|Any CPU
		{1818700D-CE11-464B-8AB8-837AC3C00151}.GooglePlayDebug|Any CPU.Build.0 = Debug|Any CPU
		{1818700D-CE11-464B-8AB8-837AC3C00151}.GooglePlayRelease|Any CPU.ActiveCfg = Release|Any CPU
		{1818700D-CE11-464B-8AB8-837AC3C00151}.GooglePlayRelease|Any CPU.Build.0 = Release|Any CPU
		{1818700D-CE11-464B-8AB8-837AC3C00151}.Release|Any CPU.ActiveCfg = Release|Any CPU
		{1818700D-CE11-464B-8AB8-837AC3C00151}.Release|Any CPU.Build.0 = Release|Any CPU
		{BB24FE4A-DD08-4E59-B82C-5F9C84980827}.Debug|Any CPU.ActiveCfg = Debug|Any CPU
		{BB24FE4A-DD08-4E59-B82C-5F9C84980827}.Debug|Any CPU.Build.0 = Debug|Any CPU
		{BB24FE4A-DD08-4E59-B82C-5F9C84980827}.DotfuscatedGPlayRelease|Any CPU.ActiveCfg = Release|Any CPU
		{BB24FE4A-DD08-4E59-B82C-5F9C84980827}.DotfuscatedGPlayRelease|Any CPU.Build.0 = Release|Any CPU
		{BB24FE4A-DD08-4E59-B82C-5F9C84980827}.GooglePlayDebug|Any CPU.ActiveCfg = Debug|Any CPU
		{BB24FE4A-DD08-4E59-B82C-5F9C84980827}.GooglePlayDebug|Any CPU.Build.0 = Debug|Any CPU
		{BB24FE4A-DD08-4E59-B82C-5F9C84980827}.GooglePlayRelease|Any CPU.ActiveCfg = Release|Any CPU
		{BB24FE4A-DD08-4E59-B82C-5F9C84980827}.GooglePlayRelease|Any CPU.Build.0 = Release|Any CPU
		{BB24FE4A-DD08-4E59-B82C-5F9C84980827}.Release|Any CPU.ActiveCfg = Release|Any CPU
		{BB24FE4A-DD08-4E59-B82C-5F9C84980827}.Release|Any CPU.Build.0 = Release|Any CPU
		{8BB685ED-745C-464C-976E-EAD1D75A0FDD}.Debug|Any CPU.ActiveCfg = Debug|Any CPU
		{8BB685ED-745C-464C-976E-EAD1D75A0FDD}.Debug|Any CPU.Build.0 = Debug|Any CPU
		{8BB685ED-745C-464C-976E-EAD1D75A0FDD}.DotfuscatedGPlayRelease|Any CPU.ActiveCfg = Release|Any CPU
		{8BB685ED-745C-464C-976E-EAD1D75A0FDD}.DotfuscatedGPlayRelease|Any CPU.Build.0 = Release|Any CPU
		{8BB685ED-745C-464C-976E-EAD1D75A0FDD}.GooglePlayDebug|Any CPU.ActiveCfg = Debug|Any CPU
		{8BB685ED-745C-464C-976E-EAD1D75A0FDD}.GooglePlayDebug|Any CPU.Build.0 = Debug|Any CPU
		{8BB685ED-745C-464C-976E-EAD1D75A0FDD}.GooglePlayRelease|Any CPU.ActiveCfg = Release|Any CPU
		{8BB685ED-745C-464C-976E-EAD1D75A0FDD}.GooglePlayRelease|Any CPU.Build.0 = Release|Any CPU
		{8BB685ED-745C-464C-976E-EAD1D75A0FDD}.Release|Any CPU.ActiveCfg = Release|Any CPU
		{8BB685ED-745C-464C-976E-EAD1D75A0FDD}.Release|Any CPU.Build.0 = Release|Any CPU
		{B611F74E-E820-4C84-900E-C7A27F09105B}.Debug|Any CPU.ActiveCfg = Debug|Any CPU
		{B611F74E-E820-4C84-900E-C7A27F09105B}.Debug|Any CPU.Build.0 = Debug|Any CPU
		{B611F74E-E820-4C84-900E-C7A27F09105B}.DotfuscatedGPlayRelease|Any CPU.ActiveCfg = Release|Any CPU
		{B611F74E-E820-4C84-900E-C7A27F09105B}.DotfuscatedGPlayRelease|Any CPU.Build.0 = Release|Any CPU
		{B611F74E-E820-4C84-900E-C7A27F09105B}.GooglePlayDebug|Any CPU.ActiveCfg = Debug|Any CPU
		{B611F74E-E820-4C84-900E-C7A27F09105B}.GooglePlayDebug|Any CPU.Build.0 = Debug|Any CPU
		{B611F74E-E820-4C84-900E-C7A27F09105B}.GooglePlayRelease|Any CPU.ActiveCfg = Release|Any CPU
		{B611F74E-E820-4C84-900E-C7A27F09105B}.GooglePlayRelease|Any CPU.Build.0 = Release|Any CPU
		{B611F74E-E820-4C84-900E-C7A27F09105B}.Release|Any CPU.ActiveCfg = Release|Any CPU
		{B611F74E-E820-4C84-900E-C7A27F09105B}.Release|Any CPU.Build.0 = Release|Any CPU
		{5E304E8C-03EE-4811-9B13-3B835A7DFDAC}.Debug|Any CPU.ActiveCfg = Debug|Any CPU
		{5E304E8C-03EE-4811-9B13-3B835A7DFDAC}.Debug|Any CPU.Build.0 = Debug|Any CPU
		{5E304E8C-03EE-4811-9B13-3B835A7DFDAC}.DotfuscatedGPlayRelease|Any CPU.ActiveCfg = Release|Any CPU
		{5E304E8C-03EE-4811-9B13-3B835A7DFDAC}.DotfuscatedGPlayRelease|Any CPU.Build.0 = Release|Any CPU
		{5E304E8C-03EE-4811-9B13-3B835A7DFDAC}.GooglePlayDebug|Any CPU.ActiveCfg = Debug|Any CPU
		{5E304E8C-03EE-4811-9B13-3B835A7DFDAC}.GooglePlayDebug|Any CPU.Build.0 = Debug|Any CPU
		{5E304E8C-03EE-4811-9B13-3B835A7DFDAC}.GooglePlayRelease|Any CPU.ActiveCfg = Release|Any CPU
		{5E304E8C-03EE-4811-9B13-3B835A7DFDAC}.GooglePlayRelease|Any CPU.Build.0 = Release|Any CPU
		{5E304E8C-03EE-4811-9B13-3B835A7DFDAC}.Release|Any CPU.ActiveCfg = Release|Any CPU
		{5E304E8C-03EE-4811-9B13-3B835A7DFDAC}.Release|Any CPU.Build.0 = Release|Any CPU
		{D21CA05C-40F9-4F43-A486-052F4B2E17C7}.Debug|Any CPU.ActiveCfg = Debug|Any CPU
		{D21CA05C-40F9-4F43-A486-052F4B2E17C7}.Debug|Any CPU.Build.0 = Debug|Any CPU
		{D21CA05C-40F9-4F43-A486-052F4B2E17C7}.DotfuscatedGPlayRelease|Any CPU.ActiveCfg = Release|Any CPU
		{D21CA05C-40F9-4F43-A486-052F4B2E17C7}.DotfuscatedGPlayRelease|Any CPU.Build.0 = Release|Any CPU
		{D21CA05C-40F9-4F43-A486-052F4B2E17C7}.GooglePlayDebug|Any CPU.ActiveCfg = Debug|Any CPU
		{D21CA05C-40F9-4F43-A486-052F4B2E17C7}.GooglePlayDebug|Any CPU.Build.0 = Debug|Any CPU
		{D21CA05C-40F9-4F43-A486-052F4B2E17C7}.GooglePlayRelease|Any CPU.ActiveCfg = Release|Any CPU
		{D21CA05C-40F9-4F43-A486-052F4B2E17C7}.GooglePlayRelease|Any CPU.Build.0 = Release|Any CPU
		{D21CA05C-40F9-4F43-A486-052F4B2E17C7}.Release|Any CPU.ActiveCfg = Release|Any CPU
		{D21CA05C-40F9-4F43-A486-052F4B2E17C7}.Release|Any CPU.Build.0 = Release|Any CPU
		{F76D513F-F89A-4B63-A510-BE379442CF3F}.Debug|Any CPU.ActiveCfg = Debug|Any CPU
		{F76D513F-F89A-4B63-A510-BE379442CF3F}.Debug|Any CPU.Build.0 = Debug|Any CPU
		{F76D513F-F89A-4B63-A510-BE379442CF3F}.DotfuscatedGPlayRelease|Any CPU.ActiveCfg = Release|Any CPU
		{F76D513F-F89A-4B63-A510-BE379442CF3F}.DotfuscatedGPlayRelease|Any CPU.Build.0 = Release|Any CPU
		{F76D513F-F89A-4B63-A510-BE379442CF3F}.GooglePlayDebug|Any CPU.ActiveCfg = Debug|Any CPU
		{F76D513F-F89A-4B63-A510-BE379442CF3F}.GooglePlayDebug|Any CPU.Build.0 = Debug|Any CPU
		{F76D513F-F89A-4B63-A510-BE379442CF3F}.GooglePlayRelease|Any CPU.ActiveCfg = Release|Any CPU
		{F76D513F-F89A-4B63-A510-BE379442CF3F}.GooglePlayRelease|Any CPU.Build.0 = Release|Any CPU
		{F76D513F-F89A-4B63-A510-BE379442CF3F}.Release|Any CPU.ActiveCfg = Release|Any CPU
		{F76D513F-F89A-4B63-A510-BE379442CF3F}.Release|Any CPU.Build.0 = Release|Any CPU
	EndGlobalSection
	GlobalSection(SolutionProperties) = preSolution
		HideSolutionNode = FALSE
	EndGlobalSection
	GlobalSection(ExtensibilityGlobals) = postSolution
		SolutionGuid = {3DC2F0E9-203C-4B46-9A14-D3F4A4312D04}
	EndGlobalSection
EndGlobal
