
Microsoft Visual Studio Solution File, Format Version 12.00
# Visual Studio 15
VisualStudioVersion = 15.0.28307.757
MinimumVisualStudioVersion = 10.0.40219.1
Project("{FAE04EC0-301F-11D3-BF4B-00C04F79EFBC}") = "Ch9.Android", "Ch9\Ch9.Android\Ch9.Android.csproj", "{E22E642C-A739-4812-AE53-7CFC45F418B1}"
EndProject
Project("{9A19103F-16F7-4668-BE54-9A1E7A4F7556}") = "Ch9", "Ch9\Ch9\Ch9.csproj", "{73829E53-CEAC-4CD5-A2F5-E35AAD3CBCDC}"
EndProject
Project("{9A19103F-16F7-4668-BE54-9A1E7A4F7556}") = "Ch9.Test", "Ch9.Test\Ch9.Test.csproj", "{EC2254D3-EA22-43F0-923C-6FBABEAAB3A4}"
EndProject
Global
	GlobalSection(SolutionConfigurationPlatforms) = preSolution
		Debug|Any CPU = Debug|Any CPU
		GooglePlayRelease|Any CPU = GooglePlayRelease|Any CPU
		Release|Any CPU = Release|Any CPU
	EndGlobalSection
	GlobalSection(ProjectConfigurationPlatforms) = postSolution
		{E22E642C-A739-4812-AE53-7CFC45F418B1}.Debug|Any CPU.ActiveCfg = Debug|Any CPU
		{E22E642C-A739-4812-AE53-7CFC45F418B1}.Debug|Any CPU.Build.0 = Debug|Any CPU
		{E22E642C-A739-4812-AE53-7CFC45F418B1}.Debug|Any CPU.Deploy.0 = Debug|Any CPU
		{E22E642C-A739-4812-AE53-7CFC45F418B1}.GooglePlayRelease|Any CPU.ActiveCfg = GooglePlayRelease|Any CPU
		{E22E642C-A739-4812-AE53-7CFC45F418B1}.GooglePlayRelease|Any CPU.Build.0 = GooglePlayRelease|Any CPU
		{E22E642C-A739-4812-AE53-7CFC45F418B1}.GooglePlayRelease|Any CPU.Deploy.0 = GooglePlayRelease|Any CPU
		{E22E642C-A739-4812-AE53-7CFC45F418B1}.Release|Any CPU.ActiveCfg = Release|Any CPU
		{E22E642C-A739-4812-AE53-7CFC45F418B1}.Release|Any CPU.Build.0 = Release|Any CPU
		{E22E642C-A739-4812-AE53-7CFC45F418B1}.Release|Any CPU.Deploy.0 = Release|Any CPU
		{73829E53-CEAC-4CD5-A2F5-E35AAD3CBCDC}.Debug|Any CPU.ActiveCfg = Debug|Any CPU
		{73829E53-CEAC-4CD5-A2F5-E35AAD3CBCDC}.Debug|Any CPU.Build.0 = Debug|Any CPU
		{73829E53-CEAC-4CD5-A2F5-E35AAD3CBCDC}.Debug|Any CPU.Deploy.0 = Debug|Any CPU
		{73829E53-CEAC-4CD5-A2F5-E35AAD3CBCDC}.GooglePlayRelease|Any CPU.ActiveCfg = GooglePlayRelease|Any CPU
		{73829E53-CEAC-4CD5-A2F5-E35AAD3CBCDC}.GooglePlayRelease|Any CPU.Build.0 = GooglePlayRelease|Any CPU
		{73829E53-CEAC-4CD5-A2F5-E35AAD3CBCDC}.Release|Any CPU.ActiveCfg = Release|Any CPU
		{73829E53-CEAC-4CD5-A2F5-E35AAD3CBCDC}.Release|Any CPU.Build.0 = Release|Any CPU
		{73829E53-CEAC-4CD5-A2F5-E35AAD3CBCDC}.Release|Any CPU.Deploy.0 = Release|Any CPU
		{EC2254D3-EA22-43F0-923C-6FBABEAAB3A4}.Debug|Any CPU.ActiveCfg = Debug|Any CPU
		{EC2254D3-EA22-43F0-923C-6FBABEAAB3A4}.Debug|Any CPU.Build.0 = Debug|Any CPU
		{EC2254D3-EA22-43F0-923C-6FBABEAAB3A4}.GooglePlayRelease|Any CPU.ActiveCfg = Release|Any CPU
		{EC2254D3-EA22-43F0-923C-6FBABEAAB3A4}.Release|Any CPU.ActiveCfg = Release|Any CPU
	EndGlobalSection
	GlobalSection(SolutionProperties) = preSolution
		HideSolutionNode = FALSE
	EndGlobalSection
	GlobalSection(ExtensibilityGlobals) = postSolution
		SolutionGuid = {3DC2F0E9-203C-4B46-9A14-D3F4A4312D04}
	EndGlobalSection
EndGlobal
